
Microsoft Visual Studio Solution File, Format Version 12.00
# Visual Studio Version 16
VisualStudioVersion = 16.0.31624.102
MinimumVisualStudioVersion = 10.0.40219.1
Project("{FAE04EC0-301F-11D3-BF4B-00C04F79EFBC}") = "Classic_ASP.NET", "Classic_ASP.NET.csproj", "{F992CD31-E046-4FB5-98FD-5DF494803195}"
EndProject
Global
	GlobalSection(SolutionConfigurationPlatforms) = preSolution
		Debug|Any CPU = Debug|Any CPU
		Release|Any CPU = Release|Any CPU
	EndGlobalSection
	GlobalSection(ProjectConfigurationPlatforms) = postSolution
		{F992CD31-E046-4FB5-98FD-5DF494803195}.Debug|Any CPU.ActiveCfg = Debug|Any CPU
		{F992CD31-E046-4FB5-98FD-5DF494803195}.Debug|Any CPU.Build.0 = Debug|Any CPU
		{F992CD31-E046-4FB5-98FD-5DF494803195}.Release|Any CPU.ActiveCfg = Release|Any CPU
		{F992CD31-E046-4FB5-98FD-5DF494803195}.Release|Any CPU.Build.0 = Release|Any CPU
	EndGlobalSection
	GlobalSection(SolutionProperties) = preSolution
		HideSolutionNode = FALSE
	EndGlobalSection
	GlobalSection(ExtensibilityGlobals) = postSolution
		SolutionGuid = {39B88788-5E44-443A-AA15-985426DB963B}
	EndGlobalSection
EndGlobal
